
Microsoft Visual Studio Solution File, Format Version 11.00
# Visual C# Express 2010
Project("{FAE04EC0-301F-11D3-BF4B-00C04F79EFBC}") = "PipSqueeks", "PipSqueeks\PipSqueeks\PipSqueeks.csproj", "{A020C4E3-AECF-44F5-8EC8-CAD0357A0CAE}"
EndProject
Project("{96E2B04D-8817-42C6-938A-82C39BA4D311}") = "PipSqueeksContent", "PipSqueeks\PipSqueeksContent\PipSqueeksContent.contentproj", "{6ADD9112-1187-4776-BE33-7D08AE98EB43}"
EndProject
Global
	GlobalSection(SolutionConfigurationPlatforms) = preSolution
		Debug|x86 = Debug|x86
		Release|x86 = Release|x86
	EndGlobalSection
	GlobalSection(ProjectConfigurationPlatforms) = postSolution
		{A020C4E3-AECF-44F5-8EC8-CAD0357A0CAE}.Debug|x86.ActiveCfg = Debug|x86
		{A020C4E3-AECF-44F5-8EC8-CAD0357A0CAE}.Debug|x86.Build.0 = Debug|x86
		{A020C4E3-AECF-44F5-8EC8-CAD0357A0CAE}.Release|x86.ActiveCfg = Release|x86
		{A020C4E3-AECF-44F5-8EC8-CAD0357A0CAE}.Release|x86.Build.0 = Release|x86
		{6ADD9112-1187-4776-BE33-7D08AE98EB43}.Debug|x86.ActiveCfg = Debug|x86
		{6ADD9112-1187-4776-BE33-7D08AE98EB43}.Release|x86.ActiveCfg = Release|x86
	EndGlobalSection
	GlobalSection(SolutionProperties) = preSolution
		HideSolutionNode = FALSE
	EndGlobalSection
EndGlobal
